---
path: ".gem_rbs_collection"
gems:
- name: activejob
  version: '6.0'
  source:
    type: git
    name: ruby/gem_rbs_collection
    revision: 2af46cde7fec5e4130f6c84c5b691c0538af8789
    remote: https://github.com/ruby/gem_rbs_collection.git
    repo_dir: gems
- name: activerecord
  version: '8.0'
  source:
    type: git
    name: ruby/gem_rbs_collection
    revision: 2af46cde7fec5e4130f6c84c5b691c0538af8789
    remote: https://github.com/ruby/gem_rbs_collection.git
    repo_dir: gems
- name: activesupport
  version: '7.0'
  source:
    type: git
    name: ruby/gem_rbs_collection
    revision: 2af46cde7fec5e4130f6c84c5b691c0538af8789
    remote: https://github.com/ruby/gem_rbs_collection.git
    repo_dir: gems
- name: base64
  version: 0.3.0
  source:
    type: rubygems
- name: bigdecimal
  version: '4.0'
  source:
    type: git
    name: ruby/gem_rbs_collection
    revision: 2af46cde7fec5e4130f6c84c5b691c0538af8789
    remote: https://github.com/ruby/gem_rbs_collection.git
    repo_dir: gems
- name: concurrent-ruby
  version: '1.1'
  source:
    type: git
    name: ruby/gem_rbs_collection
    revision: 2af46cde7fec5e4130f6c84c5b691c0538af8789
    remote: https://github.com/ruby/gem_rbs_collection.git
    repo_dir: gems
- name: connection_pool
  version: '2.4'
  source:
    type: git
    name: ruby/gem_rbs_collection
    revision: 2af46cde7fec5e4130f6c84c5b691c0538af8789
    remote: https://github.com/ruby/gem_rbs_collection.git
    repo_dir: gems
- name: date
  version: '0'
  source:
    type: stdlib
- name: delegate
  version: '0'
  source:
    type: stdlib
- name: digest
  version: '0'
  source:
    type: stdlib
- name: erb
  version: '0'
  source:
    type: stdlib
- name: globalid
  version: '1.1'
  source:
    type: git
    name: ruby/gem_rbs_collection
    revision: 2af46cde7fec5e4130f6c84c5b691c0538af8789
    remote: https://github.com/ruby/gem_rbs_collection.git
    repo_dir: gems
- name: i18n
  version: '1.10'
  source:
    type: git
    name: ruby/gem_rbs_collection
    revision: 2af46cde7fec5e4130f6c84c5b691c0538af8789
    remote: https://github.com/ruby/gem_rbs_collection.git
    repo_dir: gems
- name: json
  version: '0'
  source:
    type: stdlib
- name: logger
  version: '0'
  source:
    type: stdlib
- name: minitest
  version: '5.25'
  source:
    type: git
    name: ruby/gem_rbs_collection
    revision: 2af46cde7fec5e4130f6c84c5b691c0538af8789
    remote: https://github.com/ruby/gem_rbs_collection.git
    repo_dir: gems
- name: monitor
  version: '0'
  source:
    type: stdlib
- name: net-http
  version: '0'
  source:
    type: stdlib
- name: net-protocol
  version: '0'
  source:
    type: stdlib
- name: openssl
  version: '0'
  source:
    type: stdlib
- name: prism
  version: 1.7.0
  source:
    type: rubygems
- name: securerandom
  version: '0'
  source:
    type: stdlib
- name: singleton
  version: '0'
  source:
    type: stdlib
- name: socket
  version: '0'
  source:
    type: stdlib
- name: sqlite3
  version: '2.0'
  source:
    type: git
    name: ruby/gem_rbs_collection
    revision: 2af46cde7fec5e4130f6c84c5b691c0538af8789
    remote: https://github.com/ruby/gem_rbs_collection.git
    repo_dir: gems
- name: stringio
  version: '0'
  source:
    type: stdlib
- name: time
  version: '0'
  source:
    type: stdlib
- name: timeout
  version: '0'
  source:
    type: stdlib
- name: tsort
  version: '0'
  source:
    type: stdlib
- name: tzinfo
  version: '2.0'
  source:
    type: git
    name: ruby/gem_rbs_collection
    revision: 2af46cde7fec5e4130f6c84c5b691c0538af8789
    remote: https://github.com/ruby/gem_rbs_collection.git
    repo_dir: gems
- name: uri
  version: '0'
  source:
    type: stdlib
gemfile_lock_path: Gemfile.lock
